
Microsoft Visual Studio Solution File, Format Version 12.00
# Visual Studio Version 17
VisualStudioVersion = 17.11.35312.102
MinimumVisualStudioVersion = 10.0.40219.1
Project("{FAE04EC0-301F-11D3-BF4B-00C04F79EFBC}") = "CalorieCounter", "CalorieCounter\CalorieCounter.csproj", "{1EBD031E-5C3A-4C72-B067-82D8743893AE}"
EndProject
Global
	GlobalSection(SolutionConfigurationPlatforms) = preSolution
		Debug|Any CPU = Debug|Any CPU
		Release|Any CPU = Release|Any CPU
	EndGlobalSection
	GlobalSection(ProjectConfigurationPlatforms) = postSolution
		{1EBD031E-5C3A-4C72-B067-82D8743893AE}.Debug|Any CPU.ActiveCfg = Debug|Any CPU
		{1EBD031E-5C3A-4C72-B067-82D8743893AE}.Debug|Any CPU.Build.0 = Debug|Any CPU
		{1EBD031E-5C3A-4C72-B067-82D8743893AE}.Release|Any CPU.ActiveCfg = Release|Any CPU
		{1EBD031E-5C3A-4C72-B067-82D8743893AE}.Release|Any CPU.Build.0 = Release|Any CPU
	EndGlobalSection
	GlobalSection(SolutionProperties) = preSolution
		HideSolutionNode = FALSE
	EndGlobalSection
	GlobalSection(ExtensibilityGlobals) = postSolution
		SolutionGuid = {39F91D7A-5D91-432B-B326-3E952FA0A07D}
	EndGlobalSection
EndGlobal
